<?xml version="1.0" encoding="utf-8"?>
<Project ToolsVersion="4.0" xmlns="http://schemas.microsoft.com/developer/msbuild/2003">
  <ItemGroup>
    <Filter Include="Levels">
      <UniqueIdentifier>{98211780-0f49-4943-aa66-3d9accd969e9}</UniqueIdentifier>
    </Filter>
    <Filter Include="Player">
      <UniqueIdentifier>{eeb4060a-a977-4e17-9f9a-8dc7f64528ac}</UniqueIdentifier>
    </Filter>
    <Filter Include="Gameplay">
      <UniqueIdentifier>{d02ac237-87b5-48bb-96e4-a46c5014ed2a}</UniqueIdentifier>
    </Filter>
    <Filter Include="SubSystems">
      <UniqueIdentifier>{565f721b-06d0-4e00-9bd5-ca079a0506fd}</UniqueIdentifier>
    </Filter>
    <Filter Include="Scoring">
      <UniqueIdentifier>{28baa0c5-f647-4f0f-8771-b88464e0e942}</UniqueIdentifier>
    </Filter>
    <Filter Include="Gameplay\WeaponTypes">
      <UniqueIdentifier>{cf598702-22e9-4a7a-9933-3dc63d4e84a3}</UniqueIdentifier>
    </Filter>
    <Filter Include="Levels\Entity Config">
      <UniqueIdentifier>{909f48fd-2473-401e-afe0-5ee7e545b188}</UniqueIdentifier>
    </Filter>
    <Filter Include="Player\PlayerControl">
      <UniqueIdentifier>{f07b1178-a991-45f9-8401-e333e8b14520}</UniqueIdentifier>
    </Filter>
    <Filter Include="Player\Player Mechanics">
      <UniqueIdentifier>{dcbee741-d567-452f-9eca-94b97adf9bff}</UniqueIdentifier>
    </Filter>
    <Filter Include="Gameplay\Heads Up Display">
      <UniqueIdentifier>{856d430e-7804-4c49-b43a-0e9e3570603a}</UniqueIdentifier>
    </Filter>
    <Filter Include="Gameplay\Weapon Control">
      <UniqueIdentifier>{6bd8a705-0282-4fdf-9ff4-ac65c40821d1}</UniqueIdentifier>
    </Filter>
    <Filter Include="Player\Model">
      <UniqueIdentifier>{ef848d69-0734-4e19-ad51-596fba3330de}</UniqueIdentifier>
    </Filter>
    <Filter Include="Gameplay\Spawning">
      <UniqueIdentifier>{0c3babc0-ac54-4977-b0b5-31dd6269273c}</UniqueIdentifier>
    </Filter>
    <Filter Include="Levels\Level Config">
      <UniqueIdentifier>{15134749-7cc6-47bc-8e92-f194aa7f04a5}</UniqueIdentifier>
    </Filter>
  </ItemGroup>
  <ItemGroup>
    <ClInclude Include="Level.h">
      <Filter>Levels</Filter>
    </ClInclude>
    <ClInclude Include="Player.h">
      <Filter>Player</Filter>
    </ClInclude>
    <ClInclude Include="Subsystem.h">
      <Filter>SubSystems</Filter>
    </ClInclude>
    <ClInclude Include="SubsystemManager.h">
      <Filter>SubSystems</Filter>
    </ClInclude>
    <ClInclude Include="ScoreBoard.h">
      <Filter>Scoring</Filter>
    </ClInclude>
    <ClInclude Include="TopDownController.h">
      <Filter>Player\PlayerControl</Filter>
    </ClInclude>
    <ClInclude Include="PlayerController.h">
      <Filter>Player\PlayerControl</Filter>
    </ClInclude>
    <ClInclude Include="EntityAttributeReader.h">
      <Filter>Levels\Entity Config</Filter>
    </ClInclude>
    <ClInclude Include="EntityConfiguration.h">
      <Filter>Levels\Entity Config</Filter>
    </ClInclude>
    <ClInclude Include="LifeSpan.h">
      <Filter>Player\Player Mechanics</Filter>
    </ClInclude>
    <ClInclude Include="WeaponChange.h">
      <Filter>Player\Player Mechanics</Filter>
    </ClInclude>
    <ClInclude Include="CharacterModel.h">
      <Filter>Player\Model</Filter>
    </ClInclude>
    <ClInclude Include="Ragdoll.h">
      <Filter>Player\Model</Filter>
    </ClInclude>
    <ClInclude Include="PlayerRagdollSet.h">
      <Filter>Player\Model</Filter>
    </ClInclude>
    <ClInclude Include="LevelConfiguration.h">
      <Filter>Levels\Level Config</Filter>
    </ClInclude>
    <ClInclude Include="LevelLoader.h">
      <Filter>Levels\Level Config</Filter>
    </ClInclude>
    <ClInclude Include="LevelManager.h">
      <Filter>Levels\Level Config</Filter>
    </ClInclude>
    <ClInclude Include="Asset Construction\GameEntityBuilder.h" />
    <ClInclude Include="Asset Construction\PhysicsEntityBuilder.h" />
    <ClInclude Include="Audio\AudioManager.h" />
    <ClInclude Include="Structure\PhysicsObject.h" />
    <ClInclude Include="Structure\Launcher.h" />
    <ClInclude Include="Structure\GameObject.h" />
    <ClInclude Include="Gameplay\Heads Up Display\PerspectiveHeadsUpDisplay.h">
      <Filter>Gameplay\Heads Up Display</Filter>
    </ClInclude>
    <ClInclude Include="Gameplay\Heads Up Display\TextParagraph.h">
      <Filter>Gameplay\Heads Up Display</Filter>
    </ClInclude>
    <ClInclude Include="Gameplay\Spawning\SpawnSystem.h">
      <Filter>Gameplay\Spawning</Filter>
    </ClInclude>
    <ClInclude Include="Gameplay\Weapon Control\Gun.h">
      <Filter>Gameplay\Weapon Control</Filter>
    </ClInclude>
    <ClInclude Include="Gameplay\Weapon Control\GunInput.h">
      <Filter>Gameplay\Weapon Control</Filter>
    </ClInclude>
    <ClInclude Include="Gameplay\Weapon Types\Pistol.h">
      <Filter>Gameplay\WeaponTypes</Filter>
    </ClInclude>
    <ClInclude Include="Gameplay\Weapon Types\RocketLauncher.h">
      <Filter>Gameplay\WeaponTypes</Filter>
    </ClInclude>
  </ItemGroup>
  <ItemGroup>
    <ClCompile Include="Level.cpp">
      <Filter>Levels</Filter>
    </ClCompile>
    <ClCompile Include="Run.cpp" />
    <ClCompile Include="Player.cpp">
      <Filter>Player</Filter>
    </ClCompile>
    <ClCompile Include="SubsystemManager.cpp">
      <Filter>SubSystems</Filter>
    </ClCompile>
    <ClCompile Include="ScoreBoard.cpp">
      <Filter>Scoring</Filter>
    </ClCompile>
    <ClCompile Include="TopDownController.cpp">
      <Filter>Player\PlayerControl</Filter>
    </ClCompile>
    <ClCompile Include="PlayerController.cpp">
      <Filter>Player\PlayerControl</Filter>
    </ClCompile>
    <ClCompile Include="EntityAttributeReader.cpp">
      <Filter>Levels\Entity Config</Filter>
    </ClCompile>
    <ClCompile Include="EntityConfiguration.cpp">
      <Filter>Levels\Entity Config</Filter>
    </ClCompile>
    <ClCompile Include="LifeSpan.cpp">
      <Filter>Player\Player Mechanics</Filter>
    </ClCompile>
    <ClCompile Include="WeaponChange.cpp">
      <Filter>Player\Player Mechanics</Filter>
    </ClCompile>
    <ClCompile Include="CharacterModel.cpp">
      <Filter>Player\Model</Filter>
    </ClCompile>
    <ClCompile Include="Ragdoll.cpp">
      <Filter>Player\Model</Filter>
    </ClCompile>
    <ClCompile Include="PlayerRagdollSet.cpp">
      <Filter>Player\Model</Filter>
    </ClCompile>
    <ClCompile Include="LevelConfiguration.cpp">
      <Filter>Levels\Level Config</Filter>
    </ClCompile>
    <ClCompile Include="LevelLoader.cpp">
      <Filter>Levels\Level Config</Filter>
    </ClCompile>
    <ClCompile Include="LevelManager.cpp">
      <Filter>Levels\Level Config</Filter>
    </ClCompile>
    <ClCompile Include="Asset Construction\GameEntityBuilder.cpp" />
    <ClCompile Include="Asset Construction\PhysicsEntityBuilder.cpp" />
    <ClCompile Include="Audio\AudioManager.cpp" />
    <ClCompile Include="Structure\PhysicsObject.cpp" />
    <ClCompile Include="Structure\Launcher.cpp" />
    <ClCompile Include="Structure\GameObject.cpp" />
    <ClCompile Include="Gameplay\Heads Up Display\PerspectiveHeadsUpDisplay.cpp">
      <Filter>Gameplay\Heads Up Display</Filter>
    </ClCompile>
    <ClCompile Include="Gameplay\Heads Up Display\TextParagraph.cpp">
      <Filter>Gameplay\Heads Up Display</Filter>
    </ClCompile>
    <ClCompile Include="Gameplay\Spawning\SpawnSystem.cpp">
      <Filter>Gameplay\Spawning</Filter>
    </ClCompile>
    <ClCompile Include="Gameplay\Weapon Control\Gun.cpp">
      <Filter>Gameplay\Weapon Control</Filter>
    </ClCompile>
    <ClCompile Include="Gameplay\Weapon Control\GunInput.cpp">
      <Filter>Gameplay\Weapon Control</Filter>
    </ClCompile>
    <ClCompile Include="Gameplay\Weapon Types\Pistol.cpp">
      <Filter>Gameplay\WeaponTypes</Filter>
    </ClCompile>
    <ClCompile Include="Gameplay\Weapon Types\RocketLauncher.cpp">
      <Filter>Gameplay\WeaponTypes</Filter>
    </ClCompile>
  </ItemGroup>
</Project>