<?xml version="1.0" encoding="utf-8"?>
<Project ToolsVersion="4.0" xmlns="http://schemas.microsoft.com/developer/msbuild/2003">
  <ItemGroup>
    <Filter Include="Levels">
      <UniqueIdentifier>{98211780-0f49-4943-aa66-3d9accd969e9}</UniqueIdentifier>
    </Filter>
    <Filter Include="Game Structure">
      <UniqueIdentifier>{a1ed596f-0472-4941-8217-fd727638d194}</UniqueIdentifier>
    </Filter>
    <Filter Include="Player">
      <UniqueIdentifier>{eeb4060a-a977-4e17-9f9a-8dc7f64528ac}</UniqueIdentifier>
    </Filter>
    <Filter Include="Gameplay">
      <UniqueIdentifier>{d02ac237-87b5-48bb-96e4-a46c5014ed2a}</UniqueIdentifier>
    </Filter>
    <Filter Include="SubSystems">
      <UniqueIdentifier>{565f721b-06d0-4e00-9bd5-ca079a0506fd}</UniqueIdentifier>
    </Filter>
    <Filter Include="Audio">
      <UniqueIdentifier>{ffad4122-371d-410e-afbd-38299a57cfe6}</UniqueIdentifier>
    </Filter>
    <Filter Include="Scoring">
      <UniqueIdentifier>{28baa0c5-f647-4f0f-8771-b88464e0e942}</UniqueIdentifier>
    </Filter>
    <Filter Include="AssetConstruction">
      <UniqueIdentifier>{0eb7da0c-c71f-47d9-98f6-1bfb9ebec688}</UniqueIdentifier>
    </Filter>
    <Filter Include="Gameplay\WeaponTypes">
      <UniqueIdentifier>{cf598702-22e9-4a7a-9933-3dc63d4e84a3}</UniqueIdentifier>
    </Filter>
    <Filter Include="Levels\Entity Config">
      <UniqueIdentifier>{909f48fd-2473-401e-afe0-5ee7e545b188}</UniqueIdentifier>
    </Filter>
    <Filter Include="Player\PlayerControl">
      <UniqueIdentifier>{f07b1178-a991-45f9-8401-e333e8b14520}</UniqueIdentifier>
    </Filter>
  </ItemGroup>
  <ItemGroup>
    <ClInclude Include="Level.h">
      <Filter>Levels</Filter>
    </ClInclude>
    <ClInclude Include="PhysicsObject.h">
      <Filter>Game Structure</Filter>
    </ClInclude>
    <ClInclude Include="GameObject.h">
      <Filter>Game Structure</Filter>
    </ClInclude>
    <ClInclude Include="Player.h">
      <Filter>Player</Filter>
    </ClInclude>
    <ClInclude Include="CharacterModel.h">
      <Filter>Player</Filter>
    </ClInclude>
    <ClInclude Include="Gun.h">
      <Filter>Gameplay</Filter>
    </ClInclude>
    <ClInclude Include="Subsystem.h">
      <Filter>SubSystems</Filter>
    </ClInclude>
    <ClInclude Include="SubsystemManager.h">
      <Filter>SubSystems</Filter>
    </ClInclude>
    <ClInclude Include="AudioManager.h">
      <Filter>Audio</Filter>
    </ClInclude>
    <ClInclude Include="ScoreBoard.h">
      <Filter>Scoring</Filter>
    </ClInclude>
    <ClInclude Include="LevelManager.h">
      <Filter>Levels</Filter>
    </ClInclude>
    <ClInclude Include="Launcher.h">
      <Filter>Game Structure</Filter>
    </ClInclude>
    <ClInclude Include="LevelLoader.h">
      <Filter>Levels</Filter>
    </ClInclude>
    <ClInclude Include="PhysicsEntityBuilder.h">
      <Filter>AssetConstruction</Filter>
    </ClInclude>
    <ClInclude Include="GameEntityBuilder.h">
      <Filter>AssetConstruction</Filter>
    </ClInclude>
    <ClInclude Include="LevelConfiguration.h">
      <Filter>Levels</Filter>
    </ClInclude>
    <ClInclude Include="TopDownController.h">
      <Filter>Player\PlayerControl</Filter>
    </ClInclude>
    <ClInclude Include="PlayerController.h">
      <Filter>Player\PlayerControl</Filter>
    </ClInclude>
    <ClInclude Include="GunInput.h">
      <Filter>Gameplay</Filter>
    </ClInclude>
    <ClInclude Include="Pistol.h">
      <Filter>Gameplay\WeaponTypes</Filter>
    </ClInclude>
    <ClInclude Include="RocketLauncher.h">
      <Filter>Gameplay\WeaponTypes</Filter>
    </ClInclude>
    <ClInclude Include="EntityAttributeReader.h">
      <Filter>Levels\Entity Config</Filter>
    </ClInclude>
    <ClInclude Include="EntityConfiguration.h">
      <Filter>Levels\Entity Config</Filter>
    </ClInclude>
    <ClInclude Include="LifeSpan.h" />
  </ItemGroup>
  <ItemGroup>
    <ClCompile Include="Level.cpp">
      <Filter>Levels</Filter>
    </ClCompile>
    <ClCompile Include="PhysicsObject.cpp">
      <Filter>Game Structure</Filter>
    </ClCompile>
    <ClCompile Include="GameObject.cpp">
      <Filter>Game Structure</Filter>
    </ClCompile>
    <ClCompile Include="Run.cpp" />
    <ClCompile Include="Player.cpp">
      <Filter>Player</Filter>
    </ClCompile>
    <ClCompile Include="CharacterModel.cpp">
      <Filter>Player</Filter>
    </ClCompile>
    <ClCompile Include="Gun.cpp">
      <Filter>Gameplay</Filter>
    </ClCompile>
    <ClCompile Include="SubsystemManager.cpp">
      <Filter>SubSystems</Filter>
    </ClCompile>
    <ClCompile Include="AudioManager.cpp">
      <Filter>Audio</Filter>
    </ClCompile>
    <ClCompile Include="ScoreBoard.cpp">
      <Filter>Scoring</Filter>
    </ClCompile>
    <ClCompile Include="LevelManager.cpp">
      <Filter>Levels</Filter>
    </ClCompile>
    <ClCompile Include="Launcher.cpp">
      <Filter>Game Structure</Filter>
    </ClCompile>
    <ClCompile Include="LevelLoader.cpp">
      <Filter>Levels</Filter>
    </ClCompile>
    <ClCompile Include="PhysicsEntityBuilder.cpp">
      <Filter>AssetConstruction</Filter>
    </ClCompile>
    <ClCompile Include="GameEntityBuilder.cpp">
      <Filter>AssetConstruction</Filter>
    </ClCompile>
    <ClCompile Include="LevelConfiguration.cpp">
      <Filter>Levels</Filter>
    </ClCompile>
    <ClCompile Include="TopDownController.cpp">
      <Filter>Player\PlayerControl</Filter>
    </ClCompile>
    <ClCompile Include="PlayerController.cpp">
      <Filter>Player\PlayerControl</Filter>
    </ClCompile>
    <ClCompile Include="GunInput.cpp">
      <Filter>Gameplay</Filter>
    </ClCompile>
    <ClCompile Include="Pistol.cpp">
      <Filter>Gameplay\WeaponTypes</Filter>
    </ClCompile>
    <ClCompile Include="RocketLauncher.cpp">
      <Filter>Gameplay\WeaponTypes</Filter>
    </ClCompile>
    <ClCompile Include="EntityAttributeReader.cpp">
      <Filter>Levels\Entity Config</Filter>
    </ClCompile>
    <ClCompile Include="EntityConfiguration.cpp">
      <Filter>Levels\Entity Config</Filter>
    </ClCompile>
    <ClCompile Include="LifeSpan.cpp" />
  </ItemGroup>
</Project>