
Microsoft Visual Studio Solution File, Format Version 12.00
# Visual Studio 14
VisualStudioVersion = 14.0.25420.1
MinimumVisualStudioVersion = 10.0.40219.1
Project("{8BC9CEB8-8B4A-11D0-8D11-00A0C91BC942}") = "Game", "Game\Game.vcxproj", "{252B2C7F-1A1C-4EE3-8D4C-A15EF788A7BF}"
	ProjectSection(ProjectDependencies) = postProject
		{98D6B51B-CB0A-4389-ADC6-24082B967C3F} = {98D6B51B-CB0A-4389-ADC6-24082B967C3F}
		{3258E548-E244-4DAC-975C-3E0DE2691BB0} = {3258E548-E244-4DAC-975C-3E0DE2691BB0}
		{49F22D50-FAF7-4245-87A4-20CFA0E8957A} = {49F22D50-FAF7-4245-87A4-20CFA0E8957A}
		{B51C1859-8CD9-4049-9E94-FA12556B016A} = {B51C1859-8CD9-4049-9E94-FA12556B016A}
		{0F80745B-87C1-4C10-8E1D-1DC53ADA2CDE} = {0F80745B-87C1-4C10-8E1D-1DC53ADA2CDE}
		{72BCB08E-28F2-4292-A02B-DFC502BA924B} = {72BCB08E-28F2-4292-A02B-DFC502BA924B}
		{2A259EBD-69BB-4536-B42E-320D5C558794} = {2A259EBD-69BB-4536-B42E-320D5C558794}
	EndProjectSection
EndProject
Project("{8BC9CEB8-8B4A-11D0-8D11-00A0C91BC942}") = "Physics", "Physics\Physics.vcxproj", "{72BCB08E-28F2-4292-A02B-DFC502BA924B}"
EndProject
Project("{8BC9CEB8-8B4A-11D0-8D11-00A0C91BC942}") = "ResourceManagement", "ResourceManagement\ResourceManagement.vcxproj", "{B51C1859-8CD9-4049-9E94-FA12556B016A}"
EndProject
Project("{8BC9CEB8-8B4A-11D0-8D11-00A0C91BC942}") = "Threading", "Threading\Threading.vcxproj", "{0F80745B-87C1-4C10-8E1D-1DC53ADA2CDE}"
EndProject
Project("{8BC9CEB8-8B4A-11D0-8D11-00A0C91BC942}") = "GameLogicFSM", "GameLogicFSM\GameLogicFSM.vcxproj", "{3258E548-E244-4DAC-975C-3E0DE2691BB0}"
EndProject
Project("{8BC9CEB8-8B4A-11D0-8D11-00A0C91BC942}") = "UISystem", "UISystem\UISystem.vcxproj", "{2A259EBD-69BB-4536-B42E-320D5C558794}"
EndProject
Project("{8BC9CEB8-8B4A-11D0-8D11-00A0C91BC942}") = "Profiler", "Profiler\Profiler.vcxproj", "{49F22D50-FAF7-4245-87A4-20CFA0E8957A}"
EndProject
Project("{8BC9CEB8-8B4A-11D0-8D11-00A0C91BC942}") = "nclgl", "nclgl\nclgl.vcxproj", "{98D6B51B-CB0A-4389-ADC6-24082B967C3F}"
EndProject
Project("{2150E333-8FDC-42A3-9474-1A3956D46DE8}") = "Solution Items", "Solution Items", "{5076C0C4-B993-49EC-9BC1-6DAF3796E568}"
	ProjectSection(SolutionItems) = preProject
		Data\Meshes\centeredcube.obj = Data\Meshes\centeredcube.obj
		Data\Meshes\cube.obj = Data\Meshes\cube.obj
		Data\Meshes\cubeobj.obj = Data\Meshes\cubeobj.obj
		Data\Meshes\cubeobjq.obj = Data\Meshes\cubeobjq.obj
		Data\Meshes\floor.obj = Data\Meshes\floor.obj
		Data\Meshes\floorcube.obj = Data\Meshes\floorcube.obj
		GLEW\lib\Release\glew32.lib = GLEW\lib\Release\glew32.lib
		GLEW\lib\Debug\glew32.lib = GLEW\lib\Debug\glew32.lib
		Data\Meshes\ico.obj = Data\Meshes\ico.obj
		Backup dlls\OpenAL32.dll = Backup dlls\OpenAL32.dll
		Data\Meshes\pyramid.obj = Data\Meshes\pyramid.obj
		Data\Meshes\robotcube.obj = Data\Meshes\robotcube.obj
		SOIL\Debug\SOIL.lib = SOIL\Debug\SOIL.lib
		SOIL\Release\SOIL.lib = SOIL\Release\SOIL.lib
		Data\Meshes\sphere.obj = Data\Meshes\sphere.obj
		SOIL\Debug\vc120.pdb = SOIL\Debug\vc120.pdb
		SOIL\Release\vc120.pdb = SOIL\Release\vc120.pdb
	EndProjectSection
EndProject
Global
	GlobalSection(SolutionConfigurationPlatforms) = preSolution
		Debug|ARM = Debug|ARM
		Debug|Win32 = Debug|Win32
		Debug|x64 = Debug|x64
		Release|ARM = Release|ARM
		Release|Win32 = Release|Win32
		Release|x64 = Release|x64
	EndGlobalSection
	GlobalSection(ProjectConfigurationPlatforms) = postSolution
		{252B2C7F-1A1C-4EE3-8D4C-A15EF788A7BF}.Debug|ARM.ActiveCfg = Debug|Win32
		{252B2C7F-1A1C-4EE3-8D4C-A15EF788A7BF}.Debug|Win32.ActiveCfg = Debug|Win32
		{252B2C7F-1A1C-4EE3-8D4C-A15EF788A7BF}.Debug|Win32.Build.0 = Debug|Win32
		{252B2C7F-1A1C-4EE3-8D4C-A15EF788A7BF}.Debug|x64.ActiveCfg = Debug|x64
		{252B2C7F-1A1C-4EE3-8D4C-A15EF788A7BF}.Debug|x64.Build.0 = Debug|x64
		{252B2C7F-1A1C-4EE3-8D4C-A15EF788A7BF}.Release|ARM.ActiveCfg = Release|Win32
		{252B2C7F-1A1C-4EE3-8D4C-A15EF788A7BF}.Release|Win32.ActiveCfg = Release|Win32
		{252B2C7F-1A1C-4EE3-8D4C-A15EF788A7BF}.Release|Win32.Build.0 = Release|Win32
		{252B2C7F-1A1C-4EE3-8D4C-A15EF788A7BF}.Release|x64.ActiveCfg = Release|x64
		{252B2C7F-1A1C-4EE3-8D4C-A15EF788A7BF}.Release|x64.Build.0 = Release|x64
		{72BCB08E-28F2-4292-A02B-DFC502BA924B}.Debug|ARM.ActiveCfg = Debug|Win32
		{72BCB08E-28F2-4292-A02B-DFC502BA924B}.Debug|Win32.ActiveCfg = Debug|Win32
		{72BCB08E-28F2-4292-A02B-DFC502BA924B}.Debug|Win32.Build.0 = Debug|Win32
		{72BCB08E-28F2-4292-A02B-DFC502BA924B}.Debug|x64.ActiveCfg = Debug|x64
		{72BCB08E-28F2-4292-A02B-DFC502BA924B}.Debug|x64.Build.0 = Debug|x64
		{72BCB08E-28F2-4292-A02B-DFC502BA924B}.Release|ARM.ActiveCfg = Release|Win32
		{72BCB08E-28F2-4292-A02B-DFC502BA924B}.Release|Win32.ActiveCfg = Release|Win32
		{72BCB08E-28F2-4292-A02B-DFC502BA924B}.Release|Win32.Build.0 = Release|Win32
		{72BCB08E-28F2-4292-A02B-DFC502BA924B}.Release|x64.ActiveCfg = Release|x64
		{72BCB08E-28F2-4292-A02B-DFC502BA924B}.Release|x64.Build.0 = Release|x64
		{B51C1859-8CD9-4049-9E94-FA12556B016A}.Debug|ARM.ActiveCfg = Debug|Win32
		{B51C1859-8CD9-4049-9E94-FA12556B016A}.Debug|Win32.ActiveCfg = Debug|Win32
		{B51C1859-8CD9-4049-9E94-FA12556B016A}.Debug|Win32.Build.0 = Debug|Win32
		{B51C1859-8CD9-4049-9E94-FA12556B016A}.Debug|x64.ActiveCfg = Debug|x64
		{B51C1859-8CD9-4049-9E94-FA12556B016A}.Debug|x64.Build.0 = Debug|x64
		{B51C1859-8CD9-4049-9E94-FA12556B016A}.Release|ARM.ActiveCfg = Release|Win32
		{B51C1859-8CD9-4049-9E94-FA12556B016A}.Release|Win32.ActiveCfg = Release|Win32
		{B51C1859-8CD9-4049-9E94-FA12556B016A}.Release|Win32.Build.0 = Release|Win32
		{B51C1859-8CD9-4049-9E94-FA12556B016A}.Release|x64.ActiveCfg = Release|x64
		{B51C1859-8CD9-4049-9E94-FA12556B016A}.Release|x64.Build.0 = Release|x64
		{0F80745B-87C1-4C10-8E1D-1DC53ADA2CDE}.Debug|ARM.ActiveCfg = Debug|Win32
		{0F80745B-87C1-4C10-8E1D-1DC53ADA2CDE}.Debug|Win32.ActiveCfg = Debug|Win32
		{0F80745B-87C1-4C10-8E1D-1DC53ADA2CDE}.Debug|Win32.Build.0 = Debug|Win32
		{0F80745B-87C1-4C10-8E1D-1DC53ADA2CDE}.Debug|x64.ActiveCfg = Debug|x64
		{0F80745B-87C1-4C10-8E1D-1DC53ADA2CDE}.Debug|x64.Build.0 = Debug|x64
		{0F80745B-87C1-4C10-8E1D-1DC53ADA2CDE}.Release|ARM.ActiveCfg = Release|Win32
		{0F80745B-87C1-4C10-8E1D-1DC53ADA2CDE}.Release|Win32.ActiveCfg = Release|Win32
		{0F80745B-87C1-4C10-8E1D-1DC53ADA2CDE}.Release|Win32.Build.0 = Release|Win32
		{0F80745B-87C1-4C10-8E1D-1DC53ADA2CDE}.Release|x64.ActiveCfg = Release|x64
		{0F80745B-87C1-4C10-8E1D-1DC53ADA2CDE}.Release|x64.Build.0 = Release|x64
		{3258E548-E244-4DAC-975C-3E0DE2691BB0}.Debug|ARM.ActiveCfg = Debug|Win32
		{3258E548-E244-4DAC-975C-3E0DE2691BB0}.Debug|Win32.ActiveCfg = Debug|Win32
		{3258E548-E244-4DAC-975C-3E0DE2691BB0}.Debug|Win32.Build.0 = Debug|Win32
		{3258E548-E244-4DAC-975C-3E0DE2691BB0}.Debug|x64.ActiveCfg = Debug|x64
		{3258E548-E244-4DAC-975C-3E0DE2691BB0}.Debug|x64.Build.0 = Debug|x64
		{3258E548-E244-4DAC-975C-3E0DE2691BB0}.Release|ARM.ActiveCfg = Release|Win32
		{3258E548-E244-4DAC-975C-3E0DE2691BB0}.Release|Win32.ActiveCfg = Release|Win32
		{3258E548-E244-4DAC-975C-3E0DE2691BB0}.Release|Win32.Build.0 = Release|Win32
		{3258E548-E244-4DAC-975C-3E0DE2691BB0}.Release|x64.ActiveCfg = Release|x64
		{3258E548-E244-4DAC-975C-3E0DE2691BB0}.Release|x64.Build.0 = Release|x64
		{2A259EBD-69BB-4536-B42E-320D5C558794}.Debug|ARM.ActiveCfg = Debug|Win32
		{2A259EBD-69BB-4536-B42E-320D5C558794}.Debug|Win32.ActiveCfg = Debug|Win32
		{2A259EBD-69BB-4536-B42E-320D5C558794}.Debug|Win32.Build.0 = Debug|Win32
		{2A259EBD-69BB-4536-B42E-320D5C558794}.Debug|x64.ActiveCfg = Debug|x64
		{2A259EBD-69BB-4536-B42E-320D5C558794}.Debug|x64.Build.0 = Debug|x64
		{2A259EBD-69BB-4536-B42E-320D5C558794}.Release|ARM.ActiveCfg = Release|Win32
		{2A259EBD-69BB-4536-B42E-320D5C558794}.Release|Win32.ActiveCfg = Release|Win32
		{2A259EBD-69BB-4536-B42E-320D5C558794}.Release|Win32.Build.0 = Release|Win32
		{2A259EBD-69BB-4536-B42E-320D5C558794}.Release|x64.ActiveCfg = Release|x64
		{2A259EBD-69BB-4536-B42E-320D5C558794}.Release|x64.Build.0 = Release|x64
		{49F22D50-FAF7-4245-87A4-20CFA0E8957A}.Debug|ARM.ActiveCfg = Debug|Win32
		{49F22D50-FAF7-4245-87A4-20CFA0E8957A}.Debug|Win32.ActiveCfg = Debug|Win32
		{49F22D50-FAF7-4245-87A4-20CFA0E8957A}.Debug|Win32.Build.0 = Debug|Win32
		{49F22D50-FAF7-4245-87A4-20CFA0E8957A}.Debug|x64.ActiveCfg = Debug|x64
		{49F22D50-FAF7-4245-87A4-20CFA0E8957A}.Debug|x64.Build.0 = Debug|x64
		{49F22D50-FAF7-4245-87A4-20CFA0E8957A}.Release|ARM.ActiveCfg = Release|Win32
		{49F22D50-FAF7-4245-87A4-20CFA0E8957A}.Release|Win32.ActiveCfg = Release|Win32
		{49F22D50-FAF7-4245-87A4-20CFA0E8957A}.Release|Win32.Build.0 = Release|Win32
		{49F22D50-FAF7-4245-87A4-20CFA0E8957A}.Release|x64.ActiveCfg = Release|x64
		{49F22D50-FAF7-4245-87A4-20CFA0E8957A}.Release|x64.Build.0 = Release|x64
		{98D6B51B-CB0A-4389-ADC6-24082B967C3F}.Debug|ARM.ActiveCfg = Debug|Win32
		{98D6B51B-CB0A-4389-ADC6-24082B967C3F}.Debug|Win32.ActiveCfg = Debug|Win32
		{98D6B51B-CB0A-4389-ADC6-24082B967C3F}.Debug|Win32.Build.0 = Debug|Win32
		{98D6B51B-CB0A-4389-ADC6-24082B967C3F}.Debug|x64.ActiveCfg = Debug|Win32
		{98D6B51B-CB0A-4389-ADC6-24082B967C3F}.Release|ARM.ActiveCfg = Release|Win32
		{98D6B51B-CB0A-4389-ADC6-24082B967C3F}.Release|Win32.ActiveCfg = Release|Win32
		{98D6B51B-CB0A-4389-ADC6-24082B967C3F}.Release|Win32.Build.0 = Release|Win32
		{98D6B51B-CB0A-4389-ADC6-24082B967C3F}.Release|x64.ActiveCfg = Release|Win32
	EndGlobalSection
	GlobalSection(SolutionProperties) = preSolution
		HideSolutionNode = FALSE
	EndGlobalSection
EndGlobal
