<?xml version="1.0" encoding="utf-8"?>
<Project ToolsVersion="4.0" xmlns="http://schemas.microsoft.com/developer/msbuild/2003">
  <ItemGroup>
    <ClInclude Include="FSMManager.h">
      <Filter>FSM Managment</Filter>
    </ClInclude>
    <ClInclude Include="MessageSystem.h">
      <Filter>Messaging</Filter>
    </ClInclude>
    <ClInclude Include="FSMUnit.h">
      <Filter>FSM Managment</Filter>
    </ClInclude>
    <ClInclude Include="FSM.h">
      <Filter>Finite State Machine\Structure</Filter>
    </ClInclude>
    <ClInclude Include="ActionFunction.h">
      <Filter>Finite State Machine\State</Filter>
    </ClInclude>
    <ClInclude Include="State.h">
      <Filter>Finite State Machine\State</Filter>
    </ClInclude>
    <ClInclude Include="Transition.h">
      <Filter>Finite State Machine\Transition</Filter>
    </ClInclude>
    <ClInclude Include="TransitionCheck.h">
      <Filter>Finite State Machine\Transition</Filter>
    </ClInclude>
  </ItemGroup>
  <ItemGroup>
    <ClCompile Include="FSMManager.cpp">
      <Filter>FSM Managment</Filter>
    </ClCompile>
    <ClCompile Include="MessageSystem.cpp">
      <Filter>Messaging</Filter>
    </ClCompile>
    <ClCompile Include="FSMUnit.cpp">
      <Filter>FSM Managment</Filter>
    </ClCompile>
    <ClCompile Include="FSM.cpp">
      <Filter>Finite State Machine\Structure</Filter>
    </ClCompile>
    <ClCompile Include="ActionFunction.cpp">
      <Filter>Finite State Machine\State</Filter>
    </ClCompile>
    <ClCompile Include="State.cpp">
      <Filter>Finite State Machine\State</Filter>
    </ClCompile>
    <ClCompile Include="Transition.cpp">
      <Filter>Finite State Machine\Transition</Filter>
    </ClCompile>
    <ClCompile Include="TransitionCheck.cpp">
      <Filter>Finite State Machine\Transition</Filter>
    </ClCompile>
  </ItemGroup>
  <ItemGroup>
    <Filter Include="Finite State Machine">
      <UniqueIdentifier>{efe7cf0b-bee5-4ca2-bcca-f7e83b346ce8}</UniqueIdentifier>
    </Filter>
    <Filter Include="FSM Managment">
      <UniqueIdentifier>{19dda4f3-2416-41cb-befb-43c715f1dfa9}</UniqueIdentifier>
    </Filter>
    <Filter Include="Messaging">
      <UniqueIdentifier>{fda86c62-56b7-4350-b6bf-3148b2640a86}</UniqueIdentifier>
    </Filter>
    <Filter Include="Finite State Machine\Structure">
      <UniqueIdentifier>{55feed0b-2ccd-436d-841f-b2969261cec1}</UniqueIdentifier>
    </Filter>
    <Filter Include="Finite State Machine\State">
      <UniqueIdentifier>{c13c805a-0354-4a06-b487-24b8a66c3ade}</UniqueIdentifier>
    </Filter>
    <Filter Include="Finite State Machine\Transition">
      <UniqueIdentifier>{d2378a68-4656-4833-882f-6325ba48fe57}</UniqueIdentifier>
    </Filter>
  </ItemGroup>
</Project>