<?xml version="1.0" encoding="utf-8"?>
<Project ToolsVersion="4.0" xmlns="http://schemas.microsoft.com/developer/msbuild/2003">
  <ItemGroup>
    <ClInclude Include="FSM.h">
      <Filter>Finite State Machine</Filter>
    </ClInclude>
    <ClInclude Include="State.h">
      <Filter>Finite State Machine</Filter>
    </ClInclude>
    <ClInclude Include="Transition.h">
      <Filter>Finite State Machine</Filter>
    </ClInclude>
    <ClInclude Include="MessageSystem.h">
      <Filter>FSM Managment</Filter>
    </ClInclude>
    <ClInclude Include="FSMManager.h">
      <Filter>FSM Managment</Filter>
    </ClInclude>
    <ClInclude Include="FSMUnit.h" />
  </ItemGroup>
  <ItemGroup>
    <ClCompile Include="FSM.cpp">
      <Filter>Finite State Machine</Filter>
    </ClCompile>
    <ClCompile Include="State.cpp">
      <Filter>Finite State Machine</Filter>
    </ClCompile>
    <ClCompile Include="Transition.cpp">
      <Filter>Finite State Machine</Filter>
    </ClCompile>
    <ClCompile Include="FSMManager.cpp">
      <Filter>FSM Managment</Filter>
    </ClCompile>
    <ClCompile Include="MessageSystem.cpp">
      <Filter>FSM Managment</Filter>
    </ClCompile>
    <ClCompile Include="FSMUnit.cpp" />
  </ItemGroup>
  <ItemGroup>
    <Filter Include="Finite State Machine">
      <UniqueIdentifier>{efe7cf0b-bee5-4ca2-bcca-f7e83b346ce8}</UniqueIdentifier>
    </Filter>
    <Filter Include="FSM Managment">
      <UniqueIdentifier>{19dda4f3-2416-41cb-befb-43c715f1dfa9}</UniqueIdentifier>
    </Filter>
  </ItemGroup>
</Project>