<?xml version="1.0" encoding="utf-8"?>
<Project ToolsVersion="4.0" xmlns="http://schemas.microsoft.com/developer/msbuild/2003">
  <ItemGroup>
    <ClCompile Include="Maths\Matrix4.cpp">
      <Filter>Maths Stuff</Filter>
    </ClCompile>
    <ClCompile Include="Maths\Plane.cpp">
      <Filter>Maths Stuff</Filter>
    </ClCompile>
    <ClCompile Include="Maths\Quaternion.cpp">
      <Filter>Maths Stuff</Filter>
    </ClCompile>
    <ClCompile Include="Meshes\OBJMesh.cpp">
      <Filter>Mesh</Filter>
    </ClCompile>
    <ClCompile Include="Meshes\Mesh.cpp">
      <Filter>Mesh</Filter>
    </ClCompile>
    <ClCompile Include="Meshes\SceneNode.cpp">
      <Filter>Mesh</Filter>
    </ClCompile>
    <ClCompile Include="Rendering\View\Camera.cpp">
      <Filter>Rendering</Filter>
    </ClCompile>
    <ClCompile Include="Rendering\OGLRenderer.cpp">
      <Filter>Rendering</Filter>
    </ClCompile>
    <ClCompile Include="Rendering\Renderer.cpp">
      <Filter>Rendering</Filter>
    </ClCompile>
    <ClCompile Include="Rendering\View\Window.cpp">
      <Filter>Utilities</Filter>
    </ClCompile>
    <ClCompile Include="Rendering\Shader.cpp">
      <Filter>Rendering</Filter>
    </ClCompile>
    <ClCompile Include="InputDevices\Gamepad.cpp">
      <Filter>Some Input Things</Filter>
    </ClCompile>
    <ClCompile Include="InputDevices\Keyboard.cpp">
      <Filter>Some Input Things</Filter>
    </ClCompile>
    <ClCompile Include="InputDevices\Mouse.cpp">
      <Filter>Some Input Things</Filter>
    </ClCompile>
    <ClCompile Include="Sound\Sound.cpp">
      <Filter>Sound</Filter>
    </ClCompile>
    <ClCompile Include="Sound\OggSound.cpp">
      <Filter>Sound</Filter>
    </ClCompile>
    <ClCompile Include="Sound\SoundNode.cpp">
      <Filter>Sound</Filter>
    </ClCompile>
    <ClCompile Include="Sound\SoundSystem.cpp">
      <Filter>Sound</Filter>
    </ClCompile>
    <ClCompile Include="Text\TextMesh.cpp">
      <Filter>Text</Filter>
    </ClCompile>
    <ClCompile Include="Text\TextRenderer.cpp">
      <Filter>Text</Filter>
    </ClCompile>
    <ClCompile Include="Utilities\Frustum.cpp">
      <Filter>Utilities</Filter>
    </ClCompile>
    <ClCompile Include="Utilities\GameTimer.cpp">
      <Filter>Utilities</Filter>
    </ClCompile>
    <ClCompile Include="Utilities\Light.cpp">
      <Filter>Utilities</Filter>
    </ClCompile>
  </ItemGroup>
  <ItemGroup>
    <ClInclude Include="Maths\Matrix4.h">
      <Filter>Maths Stuff</Filter>
    </ClInclude>
    <ClInclude Include="Maths\Plane.h">
      <Filter>Maths Stuff</Filter>
    </ClInclude>
    <ClInclude Include="Maths\Quaternion.h">
      <Filter>Maths Stuff</Filter>
    </ClInclude>
    <ClInclude Include="Maths\Vector2.h">
      <Filter>Maths Stuff</Filter>
    </ClInclude>
    <ClInclude Include="Maths\Vector3.h">
      <Filter>Maths Stuff</Filter>
    </ClInclude>
    <ClInclude Include="Maths\Vector4.h">
      <Filter>Maths Stuff</Filter>
    </ClInclude>
    <ClInclude Include="Meshes\ChildMeshInterface.h">
      <Filter>Mesh</Filter>
    </ClInclude>
    <ClInclude Include="Meshes\OBJMesh.h">
      <Filter>Mesh</Filter>
    </ClInclude>
    <ClInclude Include="Meshes\Mesh.h">
      <Filter>Mesh</Filter>
    </ClInclude>
    <ClInclude Include="Meshes\SceneNode.h">
      <Filter>Mesh</Filter>
    </ClInclude>
    <ClInclude Include="Rendering\View\Camera.h">
      <Filter>Rendering</Filter>
    </ClInclude>
    <ClInclude Include="Rendering\OGLRenderer.h">
      <Filter>Rendering</Filter>
    </ClInclude>
    <ClInclude Include="Rendering\Renderer.h">
      <Filter>Rendering</Filter>
    </ClInclude>
    <ClInclude Include="Rendering\View\Window.h">
      <Filter>Utilities</Filter>
    </ClInclude>
    <ClInclude Include="Rendering\Shader.h">
      <Filter>Rendering</Filter>
    </ClInclude>
    <ClInclude Include="InputDevices\Gamepad.h">
      <Filter>Some Input Things</Filter>
    </ClInclude>
    <ClInclude Include="InputDevices\InputDevice.h">
      <Filter>Some Input Things</Filter>
    </ClInclude>
    <ClInclude Include="InputDevices\Keyboard.h">
      <Filter>Some Input Things</Filter>
    </ClInclude>
    <ClInclude Include="InputDevices\Mouse.h">
      <Filter>Some Input Things</Filter>
    </ClInclude>
    <ClInclude Include="Sound\Sound.h">
      <Filter>Sound</Filter>
    </ClInclude>
    <ClInclude Include="Sound\OggSound.h">
      <Filter>Sound</Filter>
    </ClInclude>
    <ClInclude Include="Sound\SoundNode.h">
      <Filter>Sound</Filter>
    </ClInclude>
    <ClInclude Include="Sound\SoundSystem.h">
      <Filter>Sound</Filter>
    </ClInclude>
    <ClInclude Include="Text\TextMesh.h">
      <Filter>Text</Filter>
    </ClInclude>
    <ClInclude Include="Text\TextRenderer.h">
      <Filter>Text</Filter>
    </ClInclude>
    <ClInclude Include="Text\Text.h">
      <Filter>Text</Filter>
    </ClInclude>
    <ClInclude Include="Utilities\common.h">
      <Filter>Utilities</Filter>
    </ClInclude>
    <ClInclude Include="Utilities\Frustum.h">
      <Filter>Utilities</Filter>
    </ClInclude>
    <ClInclude Include="Utilities\GameTimer.h">
      <Filter>Utilities</Filter>
    </ClInclude>
    <ClInclude Include="Utilities\Light.h">
      <Filter>Utilities</Filter>
    </ClInclude>
  </ItemGroup>
  <ItemGroup>
    <Filter Include="Text">
      <UniqueIdentifier>{f6ec2b98-c6a4-499e-8388-00ba7ccbc941}</UniqueIdentifier>
    </Filter>
    <Filter Include="Utilities">
      <UniqueIdentifier>{5313829c-469f-4a69-9e4d-da21debf3800}</UniqueIdentifier>
    </Filter>
    <Filter Include="Maths Stuff">
      <UniqueIdentifier>{7bed036b-ec0b-48c0-8455-913c29a9ff6b}</UniqueIdentifier>
    </Filter>
    <Filter Include="Mesh">
      <UniqueIdentifier>{b122dd3b-96ab-4128-a3d7-959e401ea67c}</UniqueIdentifier>
    </Filter>
    <Filter Include="Sound">
      <UniqueIdentifier>{2d6dd449-4573-41a1-8312-e398fb31eb53}</UniqueIdentifier>
    </Filter>
    <Filter Include="Rendering">
      <UniqueIdentifier>{a4cfba15-fec0-4240-b841-82c0e7b36038}</UniqueIdentifier>
    </Filter>
    <Filter Include="Some Input Things">
      <UniqueIdentifier>{1c8ac598-b66a-443f-92b7-447f8183ff3b}</UniqueIdentifier>
    </Filter>
  </ItemGroup>
</Project>