<?xml version="1.0" encoding="utf-8"?>
<Project ToolsVersion="4.0" xmlns="http://schemas.microsoft.com/developer/msbuild/2003">
  <ItemGroup>
    <ClInclude Include="Database\DataBase.h">
      <Filter>Database</Filter>
    </ClInclude>
    <ClInclude Include="Database\Table.h">
      <Filter>Database</Filter>
    </ClInclude>
    <ClInclude Include="Database\TableCreation.h">
      <Filter>Database</Filter>
    </ClInclude>
    <ClInclude Include="Identifiers\GameEntityDatabaseEntryFile.h">
      <Filter>Identifiers</Filter>
    </ClInclude>
    <ClInclude Include="Identifiers\TemporaryDatabaseIdentifier.h">
      <Filter>Identifiers</Filter>
    </ClInclude>
    <ClInclude Include="Resources\Resource.h">
      <Filter>Resources</Filter>
    </ClInclude>
    <ClInclude Include="Resources\ResourceManager.h">
      <Filter>Resources</Filter>
    </ClInclude>
    <ClInclude Include="Resources\ResourceMap.h">
      <Filter>Resources</Filter>
    </ClInclude>
    <ClInclude Include="Utilities\ErrorLog.h" />
    <ClInclude Include="Utilities\StringUtility.h" />
  </ItemGroup>
  <ItemGroup>
    <Filter Include="Resources">
      <UniqueIdentifier>{b90dfaf0-9624-412a-80c4-7e999d135379}</UniqueIdentifier>
    </Filter>
    <Filter Include="Database">
      <UniqueIdentifier>{69b19bfd-213d-4392-b9b2-ae49c0944291}</UniqueIdentifier>
    </Filter>
    <Filter Include="Identifiers">
      <UniqueIdentifier>{9d24bab5-04b5-498f-a332-20fd9aed1f76}</UniqueIdentifier>
    </Filter>
  </ItemGroup>
  <ItemGroup>
    <ClCompile Include="Database\DataBase.cpp">
      <Filter>Database</Filter>
    </ClCompile>
    <ClCompile Include="Database\TableCreation.cpp">
      <Filter>Database</Filter>
    </ClCompile>
    <ClCompile Include="Identifiers\GameEntityDatabaseEntryFile.cpp">
      <Filter>Identifiers</Filter>
    </ClCompile>
    <ClCompile Include="Identifiers\TemporaryDatabaseIdentifier.cpp">
      <Filter>Identifiers</Filter>
    </ClCompile>
    <ClCompile Include="Resources\Resource.cpp">
      <Filter>Resources</Filter>
    </ClCompile>
  </ItemGroup>
</Project>